
Microsoft Visual Studio Solution File, Format Version 12.00
# Visual Studio Version 17
VisualStudioVersion = 17.6.33815.320
MinimumVisualStudioVersion = 10.0.40219.1
Project("{FAE04EC0-301F-11D3-BF4B-00C04F79EFBC}") = "Runner_Excercise", "Runner_Excercise\Runner_Excercise.csproj", "{6CBF1720-3CA7-47D7-ABFC-F3F9B56B1239}"
EndProject
Global
	GlobalSection(SolutionConfigurationPlatforms) = preSolution
		Debug|Any CPU = Debug|Any CPU
		Release|Any CPU = Release|Any CPU
	EndGlobalSection
	GlobalSection(ProjectConfigurationPlatforms) = postSolution
		{6CBF1720-3CA7-47D7-ABFC-F3F9B56B1239}.Debug|Any CPU.ActiveCfg = Debug|Any CPU
		{6CBF1720-3CA7-47D7-ABFC-F3F9B56B1239}.Debug|Any CPU.Build.0 = Debug|Any CPU
		{6CBF1720-3CA7-47D7-ABFC-F3F9B56B1239}.Release|Any CPU.ActiveCfg = Release|Any CPU
		{6CBF1720-3CA7-47D7-ABFC-F3F9B56B1239}.Release|Any CPU.Build.0 = Release|Any CPU
	EndGlobalSection
	GlobalSection(SolutionProperties) = preSolution
		HideSolutionNode = FALSE
	EndGlobalSection
	GlobalSection(ExtensibilityGlobals) = postSolution
		SolutionGuid = {DBD60531-EC23-4FC9-81CB-24FFD58AB787}
	EndGlobalSection
EndGlobal
